
Microsoft Visual Studio Solution File, Format Version 12.00
# Visual Studio Version 16
VisualStudioVersion = 16.0.30413.136
MinimumVisualStudioVersion = 10.0.40219.1
Project("{FAE04EC0-301F-11D3-BF4B-00C04F79EFBC}") = "VaultAPI", "VaultAPI\VaultAPI.csproj", "{4D9A4161-64C2-4371-B566-EF71670489DB}"
EndProject
Global
	GlobalSection(SolutionConfigurationPlatforms) = preSolution
		Debug|Any CPU = Debug|Any CPU
		Release|Any CPU = Release|Any CPU
	EndGlobalSection
	GlobalSection(ProjectConfigurationPlatforms) = postSolution
		{4D9A4161-64C2-4371-B566-EF71670489DB}.Debug|Any CPU.ActiveCfg = Debug|Any CPU
		{4D9A4161-64C2-4371-B566-EF71670489DB}.Debug|Any CPU.Build.0 = Debug|Any CPU
		{4D9A4161-64C2-4371-B566-EF71670489DB}.Release|Any CPU.ActiveCfg = Release|Any CPU
		{4D9A4161-64C2-4371-B566-EF71670489DB}.Release|Any CPU.Build.0 = Release|Any CPU
	EndGlobalSection
	GlobalSection(SolutionProperties) = preSolution
		HideSolutionNode = FALSE
	EndGlobalSection
	GlobalSection(ExtensibilityGlobals) = postSolution
		SolutionGuid = {D4062CD1-E2BF-43A2-A22E-34F5D770332A}
	EndGlobalSection
EndGlobal
